
Microsoft Visual Studio Solution File, Format Version 12.00
# Visual Studio Version 17
VisualStudioVersion = 17.14.36908.2 d17.14
MinimumVisualStudioVersion = 10.0.40219.1
Project("{FAE04EC0-301F-11D3-BF4B-00C04F79EFBC}") = "lab_three", "lab_three\lab_three.csproj", "{CA9CCE0B-7007-435F-9E73-12B427AA2E45}"
EndProject
Global
	GlobalSection(SolutionConfigurationPlatforms) = preSolution
		Debug|Any CPU = Debug|Any CPU
		Release|Any CPU = Release|Any CPU
	EndGlobalSection
	GlobalSection(ProjectConfigurationPlatforms) = postSolution
		{CA9CCE0B-7007-435F-9E73-12B427AA2E45}.Debug|Any CPU.ActiveCfg = Debug|Any CPU
		{CA9CCE0B-7007-435F-9E73-12B427AA2E45}.Debug|Any CPU.Build.0 = Debug|Any CPU
		{CA9CCE0B-7007-435F-9E73-12B427AA2E45}.Release|Any CPU.ActiveCfg = Release|Any CPU
		{CA9CCE0B-7007-435F-9E73-12B427AA2E45}.Release|Any CPU.Build.0 = Release|Any CPU
	EndGlobalSection
	GlobalSection(SolutionProperties) = preSolution
		HideSolutionNode = FALSE
	EndGlobalSection
	GlobalSection(ExtensibilityGlobals) = postSolution
		SolutionGuid = {410E24BC-1ED4-47CA-BF94-3D0982134238}
	EndGlobalSection
EndGlobal
